// !$*UTF8*$!
{
	archiveVersion = 1;
	classes = {
	};
	objectVersion = 54;
	objects = {

/* Begin PBXBuildFile section */
		9633394226D76305000F26C2 /* Tests_iOS.swift in Sources */ = {isa = PBXBuildFile; fileRef = 9633394126D76305000F26C2 /* Tests_iOS.swift */; };
		9633394D26D76305000F26C2 /* Tests_macOS.swift in Sources */ = {isa = PBXBuildFile; fileRef = 9633394C26D76305000F26C2 /* Tests_macOS.swift */; };
		9633394F26D76305000F26C2 /* PortfolioApp.swift in Sources */ = {isa = PBXBuildFile; fileRef = 9633392626D76304000F26C2 /* PortfolioApp.swift */; };
		9633395026D76305000F26C2 /* PortfolioApp.swift in Sources */ = {isa = PBXBuildFile; fileRef = 9633392626D76304000F26C2 /* PortfolioApp.swift */; };
		9633395126D76305000F26C2 /* ContentView_iOS.swift in Sources */ = {isa = PBXBuildFile; fileRef = 9633392726D76304000F26C2 /* ContentView_iOS.swift */; };
		9633395326D76305000F26C2 /* Assets.xcassets in Resources */ = {isa = PBXBuildFile; fileRef = 9633392826D76305000F26C2 /* Assets.xcassets */; };
		9633395426D76305000F26C2 /* Assets.xcassets in Resources */ = {isa = PBXBuildFile; fileRef = 9633392826D76305000F26C2 /* Assets.xcassets */; };
		965433BF26D97D6C0050CDF5 /* Currency.swift in Sources */ = {isa = PBXBuildFile; fileRef = 96945E4126D9505A0091B9CF /* Currency.swift */; };
		965433C026D97DAD0050CDF5 /* CurrencyView.swift in Sources */ = {isa = PBXBuildFile; fileRef = 96945E4226D9505A0091B9CF /* CurrencyView.swift */; };
		965433C126D97DF10050CDF5 /* CurrencyPicker.swift in Sources */ = {isa = PBXBuildFile; fileRef = 96945E4326D9505A0091B9CF /* CurrencyPicker.swift */; };
		965433C226D980500050CDF5 /* CoreFoundationToolz.swift in Sources */ = {isa = PBXBuildFile; fileRef = 96945E3F26D9505A0091B9CF /* CoreFoundationToolz.swift */; };
		965433C326D980DC0050CDF5 /* TrademateFoundation.swift in Sources */ = {isa = PBXBuildFile; fileRef = 96945E3E26D9505A0091B9CF /* TrademateFoundation.swift */; };
		965433C526D9810C0050CDF5 /* Asset.swift in Sources */ = {isa = PBXBuildFile; fileRef = 96945E2E26D9505A0091B9CF /* Asset.swift */; };
		965433C626D981150050CDF5 /* Cash.swift in Sources */ = {isa = PBXBuildFile; fileRef = 96945E2526D9505A0091B9CF /* Cash.swift */; };
		965433C726D981890050CDF5 /* Calculator.swift in Sources */ = {isa = PBXBuildFile; fileRef = 96945E2026D9505A0091B9CF /* Calculator.swift */; };
		965433C826D981AE0050CDF5 /* Asset.Properties+Profit.swift in Sources */ = {isa = PBXBuildFile; fileRef = 96945E2D26D9505A0091B9CF /* Asset.Properties+Profit.swift */; };
		965433C926D981C10050CDF5 /* Asset+Conformances.swift in Sources */ = {isa = PBXBuildFile; fileRef = 96945E2C26D9505A0091B9CF /* Asset+Conformances.swift */; };
		965433CA26D982CD0050CDF5 /* AssetPersister.swift in Sources */ = {isa = PBXBuildFile; fileRef = 96945E2626D9505A0091B9CF /* AssetPersister.swift */; };
		965433CC26D983F40050CDF5 /* AppSettings.swift in Sources */ = {isa = PBXBuildFile; fileRef = 96945E2326D9505A0091B9CF /* AppSettings.swift */; };
		965433D026D98B0E0050CDF5 /* TrademateSwiftUI.swift in Sources */ = {isa = PBXBuildFile; fileRef = 96945E3026D9505A0091B9CF /* TrademateSwiftUI.swift */; };
		965B86082B89F828001C69F6 /* CombineObserver in Frameworks */ = {isa = PBXBuildFile; productRef = 965B86072B89F828001C69F6 /* CombineObserver */; };
		965B860A2B89F828001C69F6 /* SwiftObserver in Frameworks */ = {isa = PBXBuildFile; productRef = 965B86092B89F828001C69F6 /* SwiftObserver */; };
		9663816926DD0E44009413F1 /* AssetEditingState.swift in Sources */ = {isa = PBXBuildFile; fileRef = 96945E2926D9505A0091B9CF /* AssetEditingState.swift */; };
		96709FA22749255600D246CE /* Portfolio.swift in Sources */ = {isa = PBXBuildFile; fileRef = 96945E3326D9505A0091B9CF /* Portfolio.swift */; };
		96709FA32749257600D246CE /* AlertsView.swift in Sources */ = {isa = PBXBuildFile; fileRef = 96945E2226D9505A0091B9CF /* AlertsView.swift */; };
		96709FA4274929A600D246CE /* Portfolio+DisplayString.swift in Sources */ = {isa = PBXBuildFile; fileRef = 96945E3226D9505A0091B9CF /* Portfolio+DisplayString.swift */; };
		9674DF582BF95DB8009F2DBE /* SettingsView.swift in Sources */ = {isa = PBXBuildFile; fileRef = 9674DF572BF95DB8009F2DBE /* SettingsView.swift */; };
		96767AC22FFD3F04000D1C85 /* FoundationToolz in Frameworks */ = {isa = PBXBuildFile; productRef = 96767AC12FFD3F04000D1C85 /* FoundationToolz */; };
		96767AC42FFD3F23000D1C85 /* FoundationToolz in Frameworks */ = {isa = PBXBuildFile; productRef = 96767AC32FFD3F23000D1C85 /* FoundationToolz */; };
		96767AC62FFD3F37000D1C85 /* CombineObserver in Frameworks */ = {isa = PBXBuildFile; productRef = 96767AC52FFD3F37000D1C85 /* CombineObserver */; };
		96767AC82FFD3F41000D1C85 /* SwiftObserver in Frameworks */ = {isa = PBXBuildFile; productRef = 96767AC72FFD3F41000D1C85 /* SwiftObserver */; };
		96767ACB2FFD3F83000D1C85 /* SwiftUIToolz in Frameworks */ = {isa = PBXBuildFile; productRef = 96767ACA2FFD3F83000D1C85 /* SwiftUIToolz */; };
		96767ACD2FFD3F8C000D1C85 /* SwiftUIToolz in Frameworks */ = {isa = PBXBuildFile; productRef = 96767ACC2FFD3F8C000D1C85 /* SwiftUIToolz */; };
		96945DFE26D93BC80091B9CF /* ContentView_macOS.swift in Sources */ = {isa = PBXBuildFile; fileRef = 96945DFD26D93BC80091B9CF /* ContentView_macOS.swift */; };
		96945E6226D950720091B9CF /* AlertsView.swift in Sources */ = {isa = PBXBuildFile; fileRef = 96945E2226D9505A0091B9CF /* AlertsView.swift */; };
		96945E6426D950720091B9CF /* AppSettings.swift in Sources */ = {isa = PBXBuildFile; fileRef = 96945E2326D9505A0091B9CF /* AppSettings.swift */; };
		96945E6526D950720091B9CF /* Calculator.swift in Sources */ = {isa = PBXBuildFile; fileRef = 96945E2026D9505A0091B9CF /* Calculator.swift */; };
		96945E6726D9507C0091B9CF /* TrademateSwiftUI.swift in Sources */ = {isa = PBXBuildFile; fileRef = 96945E3026D9505A0091B9CF /* TrademateSwiftUI.swift */; };
		96945E6826D9507C0091B9CF /* TrademateFoundation.swift in Sources */ = {isa = PBXBuildFile; fileRef = 96945E3E26D9505A0091B9CF /* TrademateFoundation.swift */; };
		96945E6926D9507C0091B9CF /* CoreFoundationToolz.swift in Sources */ = {isa = PBXBuildFile; fileRef = 96945E3F26D9505A0091B9CF /* CoreFoundationToolz.swift */; };
		96945E6A26D950880091B9CF /* Asset+Conformances.swift in Sources */ = {isa = PBXBuildFile; fileRef = 96945E2C26D9505A0091B9CF /* Asset+Conformances.swift */; };
		96945E6B26D950880091B9CF /* Cash.swift in Sources */ = {isa = PBXBuildFile; fileRef = 96945E2526D9505A0091B9CF /* Cash.swift */; };
		96945E6C26D950880091B9CF /* Asset.swift in Sources */ = {isa = PBXBuildFile; fileRef = 96945E2E26D9505A0091B9CF /* Asset.swift */; };
		96945E6D26D950880091B9CF /* AssetPersister.swift in Sources */ = {isa = PBXBuildFile; fileRef = 96945E2626D9505A0091B9CF /* AssetPersister.swift */; };
		96945E6E26D950880091B9CF /* Asset.Properties+Profit.swift in Sources */ = {isa = PBXBuildFile; fileRef = 96945E2D26D9505A0091B9CF /* Asset.Properties+Profit.swift */; };
		96945E6F26D9508F0091B9CF /* AssetEditingView.swift in Sources */ = {isa = PBXBuildFile; fileRef = 96945E2826D9505A0091B9CF /* AssetEditingView.swift */; };
		96945E7026D9508F0091B9CF /* AssetEditingForm.swift in Sources */ = {isa = PBXBuildFile; fileRef = 96945E2A26D9505A0091B9CF /* AssetEditingForm.swift */; };
		96945E7126D9508F0091B9CF /* AssetEditingState.swift in Sources */ = {isa = PBXBuildFile; fileRef = 96945E2926D9505A0091B9CF /* AssetEditingState.swift */; };
		96945E7226D9508F0091B9CF /* AssetCreationView.swift in Sources */ = {isa = PBXBuildFile; fileRef = 96945E2B26D9505A0091B9CF /* AssetCreationView.swift */; };
		96945E7326D9509D0091B9CF /* Portfolio+DisplayString.swift in Sources */ = {isa = PBXBuildFile; fileRef = 96945E3226D9505A0091B9CF /* Portfolio+DisplayString.swift */; };
		96945E7426D9509D0091B9CF /* PortfolioOverviewView.swift in Sources */ = {isa = PBXBuildFile; fileRef = 96945E3D26D9505A0091B9CF /* PortfolioOverviewView.swift */; };
		96945E7526D9509D0091B9CF /* Portfolio.swift in Sources */ = {isa = PBXBuildFile; fileRef = 96945E3326D9505A0091B9CF /* Portfolio.swift */; };
		96945E7626D950A30091B9CF /* ProjectionOverView.swift in Sources */ = {isa = PBXBuildFile; fileRef = 96945E3726D9505A0091B9CF /* ProjectionOverView.swift */; };
		96945E7726D950A30091B9CF /* ProjectionView.swift in Sources */ = {isa = PBXBuildFile; fileRef = 96945E3626D9505A0091B9CF /* ProjectionView.swift */; };
		96945E7826D950A40091B9CF /* Projection.swift in Sources */ = {isa = PBXBuildFile; fileRef = 96945E3526D9505A0091B9CF /* Projection.swift */; };
		96945E7926D950AC0091B9CF /* AssetsOverView.swift in Sources */ = {isa = PBXBuildFile; fileRef = 96945E3926D9505A0091B9CF /* AssetsOverView.swift */; };
		96945E7A26D950AC0091B9CF /* AssetList.swift in Sources */ = {isa = PBXBuildFile; fileRef = 96945E3B26D9505A0091B9CF /* AssetList.swift */; };
		96945E7B26D950AC0091B9CF /* AssetListRow.swift in Sources */ = {isa = PBXBuildFile; fileRef = 96945E3A26D9505A0091B9CF /* AssetListRow.swift */; };
		96945E7C26D950AC0091B9CF /* AssetListRowModel.swift in Sources */ = {isa = PBXBuildFile; fileRef = 96945E3C26D9505A0091B9CF /* AssetListRowModel.swift */; };
		96945E7D26D950BA0091B9CF /* CurrencyPicker.swift in Sources */ = {isa = PBXBuildFile; fileRef = 96945E4326D9505A0091B9CF /* CurrencyPicker.swift */; };
		96945E7E26D950BA0091B9CF /* Currency.swift in Sources */ = {isa = PBXBuildFile; fileRef = 96945E4126D9505A0091B9CF /* Currency.swift */; };
		96945E7F26D950BA0091B9CF /* CurrencyView.swift in Sources */ = {isa = PBXBuildFile; fileRef = 96945E4226D9505A0091B9CF /* CurrencyView.swift */; };
		96B73E9526DBA60E00EE7AC0 /* FeedbackContents.swift in Sources */ = {isa = PBXBuildFile; fileRef = 96B73E9426DBA60E00EE7AC0 /* FeedbackContents.swift */; };
		96B73E9626DBA60E00EE7AC0 /* FeedbackContents.swift in Sources */ = {isa = PBXBuildFile; fileRef = 96B73E9426DBA60E00EE7AC0 /* FeedbackContents.swift */; };
		96B73E9926DBA63700EE7AC0 /* FeedbackView_macOS.swift in Sources */ = {isa = PBXBuildFile; fileRef = 96B73E9726DBA63700EE7AC0 /* FeedbackView_macOS.swift */; };
		96E03935282687F000757E4D /* SwiftyToolz in Frameworks */ = {isa = PBXBuildFile; productRef = 96E03934282687F000757E4D /* SwiftyToolz */; };
		96E039392826880400757E4D /* SwiftyToolz in Frameworks */ = {isa = PBXBuildFile; productRef = 96E039382826880400757E4D /* SwiftyToolz */; };
/* End PBXBuildFile section */

/* Begin PBXContainerItemProxy section */
		9633393E26D76305000F26C2 /* PBXContainerItemProxy */ = {
			isa = PBXContainerItemProxy;
			containerPortal = 9633392126D76304000F26C2 /* Project object */;
			proxyType = 1;
			remoteGlobalIDString = 9633392C26D76305000F26C2;
			remoteInfo = "Trademate (iOS)";
		};
		9633394926D76305000F26C2 /* PBXContainerItemProxy */ = {
			isa = PBXContainerItemProxy;
			containerPortal = 9633392126D76304000F26C2 /* Project object */;
			proxyType = 1;
			remoteGlobalIDString = 9633393426D76305000F26C2;
			remoteInfo = "Trademate (macOS)";
		};
/* End PBXContainerItemProxy section */

/* Begin PBXFileReference section */
		9633392626D76304000F26C2 /* PortfolioApp.swift */ = {isa = PBXFileReference; lastKnownFileType = sourcecode.swift; path = PortfolioApp.swift; sourceTree = "<group>"; };
		9633392726D76304000F26C2 /* ContentView_iOS.swift */ = {isa = PBXFileReference; lastKnownFileType = sourcecode.swift; path = ContentView_iOS.swift; sourceTree = "<group>"; };
		9633392826D76305000F26C2 /* Assets.xcassets */ = {isa = PBXFileReference; lastKnownFileType = folder.assetcatalog; path = Assets.xcassets; sourceTree = "<group>"; };
		9633392D26D76305000F26C2 /* Portfolio.app */ = {isa = PBXFileReference; explicitFileType = wrapper.application; includeInIndex = 0; path = Portfolio.app; sourceTree = BUILT_PRODUCTS_DIR; };
		9633393026D76305000F26C2 /* Info.plist */ = {isa = PBXFileReference; lastKnownFileType = text.plist.xml; path = Info.plist; sourceTree = "<group>"; };
		9633393526D76305000F26C2 /* Portfolio.app */ = {isa = PBXFileReference; explicitFileType = wrapper.application; includeInIndex = 0; path = Portfolio.app; sourceTree = BUILT_PRODUCTS_DIR; };
		9633393726D76305000F26C2 /* Info.plist */ = {isa = PBXFileReference; lastKnownFileType = text.plist.xml; path = Info.plist; sourceTree = "<group>"; };
		9633393826D76305000F26C2 /* macOS.entitlements */ = {isa = PBXFileReference; lastKnownFileType = text.plist.entitlements; path = macOS.entitlements; sourceTree = "<group>"; };
		9633393D26D76305000F26C2 /* Tests iOS.xctest */ = {isa = PBXFileReference; explicitFileType = wrapper.cfbundle; includeInIndex = 0; path = "Tests iOS.xctest"; sourceTree = BUILT_PRODUCTS_DIR; };
		9633394126D76305000F26C2 /* Tests_iOS.swift */ = {isa = PBXFileReference; lastKnownFileType = sourcecode.swift; path = Tests_iOS.swift; sourceTree = "<group>"; };
		9633394326D76305000F26C2 /* Info.plist */ = {isa = PBXFileReference; lastKnownFileType = text.plist.xml; path = Info.plist; sourceTree = "<group>"; };
		9633394826D76305000F26C2 /* Tests macOS.xctest */ = {isa = PBXFileReference; explicitFileType = wrapper.cfbundle; includeInIndex = 0; path = "Tests macOS.xctest"; sourceTree = BUILT_PRODUCTS_DIR; };
		9633394C26D76305000F26C2 /* Tests_macOS.swift */ = {isa = PBXFileReference; lastKnownFileType = sourcecode.swift; path = Tests_macOS.swift; sourceTree = "<group>"; };
		9633394E26D76305000F26C2 /* Info.plist */ = {isa = PBXFileReference; lastKnownFileType = text.plist.xml; path = Info.plist; sourceTree = "<group>"; };
		9674DF572BF95DB8009F2DBE /* SettingsView.swift */ = {isa = PBXFileReference; lastKnownFileType = sourcecode.swift; path = SettingsView.swift; sourceTree = "<group>"; };
		96945DFD26D93BC80091B9CF /* ContentView_macOS.swift */ = {isa = PBXFileReference; lastKnownFileType = sourcecode.swift; path = ContentView_macOS.swift; sourceTree = "<group>"; };
		96945E2026D9505A0091B9CF /* Calculator.swift */ = {isa = PBXFileReference; fileEncoding = 4; lastKnownFileType = sourcecode.swift; path = Calculator.swift; sourceTree = "<group>"; };
		96945E2226D9505A0091B9CF /* AlertsView.swift */ = {isa = PBXFileReference; fileEncoding = 4; lastKnownFileType = sourcecode.swift; path = AlertsView.swift; sourceTree = "<group>"; };
		96945E2326D9505A0091B9CF /* AppSettings.swift */ = {isa = PBXFileReference; fileEncoding = 4; lastKnownFileType = sourcecode.swift; path = AppSettings.swift; sourceTree = "<group>"; };
		96945E2526D9505A0091B9CF /* Cash.swift */ = {isa = PBXFileReference; fileEncoding = 4; lastKnownFileType = sourcecode.swift; path = Cash.swift; sourceTree = "<group>"; };
		96945E2626D9505A0091B9CF /* AssetPersister.swift */ = {isa = PBXFileReference; fileEncoding = 4; lastKnownFileType = sourcecode.swift; path = AssetPersister.swift; sourceTree = "<group>"; };
		96945E2826D9505A0091B9CF /* AssetEditingView.swift */ = {isa = PBXFileReference; fileEncoding = 4; lastKnownFileType = sourcecode.swift; path = AssetEditingView.swift; sourceTree = "<group>"; };
		96945E2926D9505A0091B9CF /* AssetEditingState.swift */ = {isa = PBXFileReference; fileEncoding = 4; lastKnownFileType = sourcecode.swift; path = AssetEditingState.swift; sourceTree = "<group>"; };
		96945E2A26D9505A0091B9CF /* AssetEditingForm.swift */ = {isa = PBXFileReference; fileEncoding = 4; lastKnownFileType = sourcecode.swift; path = AssetEditingForm.swift; sourceTree = "<group>"; };
		96945E2B26D9505A0091B9CF /* AssetCreationView.swift */ = {isa = PBXFileReference; fileEncoding = 4; lastKnownFileType = sourcecode.swift; path = AssetCreationView.swift; sourceTree = "<group>"; };
		96945E2C26D9505A0091B9CF /* Asset+Conformances.swift */ = {isa = PBXFileReference; fileEncoding = 4; lastKnownFileType = sourcecode.swift; path = "Asset+Conformances.swift"; sourceTree = "<group>"; };
		96945E2D26D9505A0091B9CF /* Asset.Properties+Profit.swift */ = {isa = PBXFileReference; fileEncoding = 4; lastKnownFileType = sourcecode.swift; path = "Asset.Properties+Profit.swift"; sourceTree = "<group>"; };
		96945E2E26D9505A0091B9CF /* Asset.swift */ = {isa = PBXFileReference; fileEncoding = 4; lastKnownFileType = sourcecode.swift; path = Asset.swift; sourceTree = "<group>"; };
		96945E3026D9505A0091B9CF /* TrademateSwiftUI.swift */ = {isa = PBXFileReference; fileEncoding = 4; lastKnownFileType = sourcecode.swift; path = TrademateSwiftUI.swift; sourceTree = "<group>"; };
		96945E3226D9505A0091B9CF /* Portfolio+DisplayString.swift */ = {isa = PBXFileReference; fileEncoding = 4; lastKnownFileType = sourcecode.swift; path = "Portfolio+DisplayString.swift"; sourceTree = "<group>"; };
		96945E3326D9505A0091B9CF /* Portfolio.swift */ = {isa = PBXFileReference; fileEncoding = 4; lastKnownFileType = sourcecode.swift; path = Portfolio.swift; sourceTree = "<group>"; };
		96945E3526D9505A0091B9CF /* Projection.swift */ = {isa = PBXFileReference; fileEncoding = 4; lastKnownFileType = sourcecode.swift; path = Projection.swift; sourceTree = "<group>"; };
		96945E3626D9505A0091B9CF /* ProjectionView.swift */ = {isa = PBXFileReference; fileEncoding = 4; lastKnownFileType = sourcecode.swift; path = ProjectionView.swift; sourceTree = "<group>"; };
		96945E3726D9505A0091B9CF /* ProjectionOverView.swift */ = {isa = PBXFileReference; fileEncoding = 4; lastKnownFileType = sourcecode.swift; path = ProjectionOverView.swift; sourceTree = "<group>"; };
		96945E3926D9505A0091B9CF /* AssetsOverView.swift */ = {isa = PBXFileReference; fileEncoding = 4; lastKnownFileType = sourcecode.swift; path = AssetsOverView.swift; sourceTree = "<group>"; };
		96945E3A26D9505A0091B9CF /* AssetListRow.swift */ = {isa = PBXFileReference; fileEncoding = 4; lastKnownFileType = sourcecode.swift; path = AssetListRow.swift; sourceTree = "<group>"; };
		96945E3B26D9505A0091B9CF /* AssetList.swift */ = {isa = PBXFileReference; fileEncoding = 4; lastKnownFileType = sourcecode.swift; path = AssetList.swift; sourceTree = "<group>"; };
		96945E3C26D9505A0091B9CF /* AssetListRowModel.swift */ = {isa = PBXFileReference; fileEncoding = 4; lastKnownFileType = sourcecode.swift; path = AssetListRowModel.swift; sourceTree = "<group>"; };
		96945E3D26D9505A0091B9CF /* PortfolioOverviewView.swift */ = {isa = PBXFileReference; fileEncoding = 4; lastKnownFileType = sourcecode.swift; path = PortfolioOverviewView.swift; sourceTree = "<group>"; };
		96945E3E26D9505A0091B9CF /* TrademateFoundation.swift */ = {isa = PBXFileReference; fileEncoding = 4; lastKnownFileType = sourcecode.swift; path = TrademateFoundation.swift; sourceTree = "<group>"; };
		96945E3F26D9505A0091B9CF /* CoreFoundationToolz.swift */ = {isa = PBXFileReference; fileEncoding = 4; lastKnownFileType = sourcecode.swift; path = CoreFoundationToolz.swift; sourceTree = "<group>"; };
		96945E4126D9505A0091B9CF /* Currency.swift */ = {isa = PBXFileReference; fileEncoding = 4; lastKnownFileType = sourcecode.swift; path = Currency.swift; sourceTree = "<group>"; };
		96945E4226D9505A0091B9CF /* CurrencyView.swift */ = {isa = PBXFileReference; fileEncoding = 4; lastKnownFileType = sourcecode.swift; path = CurrencyView.swift; sourceTree = "<group>"; };
		96945E4326D9505A0091B9CF /* CurrencyPicker.swift */ = {isa = PBXFileReference; fileEncoding = 4; lastKnownFileType = sourcecode.swift; path = CurrencyPicker.swift; sourceTree = "<group>"; };
		96B73E9426DBA60E00EE7AC0 /* FeedbackContents.swift */ = {isa = PBXFileReference; lastKnownFileType = sourcecode.swift; path = FeedbackContents.swift; sourceTree = "<group>"; };
		96B73E9726DBA63700EE7AC0 /* FeedbackView_macOS.swift */ = {isa = PBXFileReference; lastKnownFileType = sourcecode.swift; path = FeedbackView_macOS.swift; sourceTree = "<group>"; };
/* End PBXFileReference section */

/* Begin PBXFrameworksBuildPhase section */
		9633392A26D76305000F26C2 /* Frameworks */ = {
			isa = PBXFrameworksBuildPhase;
			buildActionMask = 2147483647;
			files = (
				96767AC22FFD3F04000D1C85 /* FoundationToolz in Frameworks */,
				96E039392826880400757E4D /* SwiftyToolz in Frameworks */,
				96767AC82FFD3F41000D1C85 /* SwiftObserver in Frameworks */,
				96767AC62FFD3F37000D1C85 /* CombineObserver in Frameworks */,
				96767ACB2FFD3F83000D1C85 /* SwiftUIToolz in Frameworks */,
			);
			runOnlyForDeploymentPostprocessing = 0;
		};
		9633393226D76305000F26C2 /* Frameworks */ = {
			isa = PBXFrameworksBuildPhase;
			buildActionMask = 2147483647;
			files = (
				965B86082B89F828001C69F6 /* CombineObserver in Frameworks */,
				965B860A2B89F828001C69F6 /* SwiftObserver in Frameworks */,
				96767AC42FFD3F23000D1C85 /* FoundationToolz in Frameworks */,
				96E03935282687F000757E4D /* SwiftyToolz in Frameworks */,
				96767ACD2FFD3F8C000D1C85 /* SwiftUIToolz in Frameworks */,
			);
			runOnlyForDeploymentPostprocessing = 0;
		};
		9633393A26D76305000F26C2 /* Frameworks */ = {
			isa = PBXFrameworksBuildPhase;
			buildActionMask = 2147483647;
			files = (
			);
			runOnlyForDeploymentPostprocessing = 0;
		};
		9633394526D76305000F26C2 /* Frameworks */ = {
			isa = PBXFrameworksBuildPhase;
			buildActionMask = 2147483647;
			files = (
			);
			runOnlyForDeploymentPostprocessing = 0;
		};
/* End PBXFrameworksBuildPhase section */

/* Begin PBXGroup section */
		9633392026D76304000F26C2 = {
			isa = PBXGroup;
			children = (
				9633392526D76304000F26C2 /* Code */,
				9633392F26D76305000F26C2 /* iOS */,
				9633393626D76305000F26C2 /* macOS */,
				9633394026D76305000F26C2 /* Tests iOS */,
				9633394B26D76305000F26C2 /* Tests macOS */,
				9633392E26D76305000F26C2 /* Products */,
				966DE80126D804BE00CD0055 /* Frameworks */,
			);
			sourceTree = "<group>";
		};
		9633392526D76304000F26C2 /* Code */ = {
			isa = PBXGroup;
			children = (
				9633392626D76304000F26C2 /* PortfolioApp.swift */,
				9633392726D76304000F26C2 /* ContentView_iOS.swift */,
				96945DFD26D93BC80091B9CF /* ContentView_macOS.swift */,
				96945E1F26D9505A0091B9CF /* iOS */,
				96945E2226D9505A0091B9CF /* AlertsView.swift */,
				96709FA5274929E200D246CE /* Portfolio */,
				96945E2426D9505A0091B9CF /* Asset */,
				96945E2326D9505A0091B9CF /* AppSettings.swift */,
				96945E4026D9505A0091B9CF /* Currency */,
				96B73E9A26DBC3D900EE7AC0 /* Settings */,
				96945E3026D9505A0091B9CF /* TrademateSwiftUI.swift */,
				96945E3E26D9505A0091B9CF /* TrademateFoundation.swift */,
				96945E3F26D9505A0091B9CF /* CoreFoundationToolz.swift */,
				9633392826D76305000F26C2 /* Assets.xcassets */,
			);
			path = Code;
			sourceTree = "<group>";
		};
		9633392E26D76305000F26C2 /* Products */ = {
			isa = PBXGroup;
			children = (
				9633392D26D76305000F26C2 /* Portfolio.app */,
				9633393526D76305000F26C2 /* Portfolio.app */,
				9633393D26D76305000F26C2 /* Tests iOS.xctest */,
				9633394826D76305000F26C2 /* Tests macOS.xctest */,
			);
			name = Products;
			sourceTree = "<group>";
		};
		9633392F26D76305000F26C2 /* iOS */ = {
			isa = PBXGroup;
			children = (
				9633393026D76305000F26C2 /* Info.plist */,
			);
			path = iOS;
			sourceTree = "<group>";
		};
		9633393626D76305000F26C2 /* macOS */ = {
			isa = PBXGroup;
			children = (
				9633393726D76305000F26C2 /* Info.plist */,
				9633393826D76305000F26C2 /* macOS.entitlements */,
			);
			path = macOS;
			sourceTree = "<group>";
		};
		9633394026D76305000F26C2 /* Tests iOS */ = {
			isa = PBXGroup;
			children = (
				9633394126D76305000F26C2 /* Tests_iOS.swift */,
				9633394326D76305000F26C2 /* Info.plist */,
			);
			path = "Tests iOS";
			sourceTree = "<group>";
		};
		9633394B26D76305000F26C2 /* Tests macOS */ = {
			isa = PBXGroup;
			children = (
				9633394C26D76305000F26C2 /* Tests_macOS.swift */,
				9633394E26D76305000F26C2 /* Info.plist */,
			);
			path = "Tests macOS";
			sourceTree = "<group>";
		};
		966DE80126D804BE00CD0055 /* Frameworks */ = {
			isa = PBXGroup;
			children = (
			);
			name = Frameworks;
			sourceTree = "<group>";
		};
		96709FA5274929E200D246CE /* Portfolio */ = {
			isa = PBXGroup;
			children = (
				96945E3226D9505A0091B9CF /* Portfolio+DisplayString.swift */,
				96945E3326D9505A0091B9CF /* Portfolio.swift */,
			);
			path = Portfolio;
			sourceTree = "<group>";
		};
		96945E1F26D9505A0091B9CF /* iOS */ = {
			isa = PBXGroup;
			children = (
				96945E3D26D9505A0091B9CF /* PortfolioOverviewView.swift */,
				96945E3426D9505A0091B9CF /* Projection */,
				96945E3826D9505A0091B9CF /* Asset List */,
				96945E2726D9505A0091B9CF /* Asset Editing */,
			);
			path = iOS;
			sourceTree = "<group>";
		};
		96945E2426D9505A0091B9CF /* Asset */ = {
			isa = PBXGroup;
			children = (
				96945E2626D9505A0091B9CF /* AssetPersister.swift */,
				96945E2C26D9505A0091B9CF /* Asset+Conformances.swift */,
				96945E2D26D9505A0091B9CF /* Asset.Properties+Profit.swift */,
				96945E2E26D9505A0091B9CF /* Asset.swift */,
				96945E2526D9505A0091B9CF /* Cash.swift */,
				96945E2026D9505A0091B9CF /* Calculator.swift */,
			);
			path = Asset;
			sourceTree = "<group>";
		};
		96945E2726D9505A0091B9CF /* Asset Editing */ = {
			isa = PBXGroup;
			children = (
				96945E2826D9505A0091B9CF /* AssetEditingView.swift */,
				96945E2B26D9505A0091B9CF /* AssetCreationView.swift */,
				96945E2A26D9505A0091B9CF /* AssetEditingForm.swift */,
				96945E2926D9505A0091B9CF /* AssetEditingState.swift */,
			);
			path = "Asset Editing";
			sourceTree = "<group>";
		};
		96945E3426D9505A0091B9CF /* Projection */ = {
			isa = PBXGroup;
			children = (
				96945E3726D9505A0091B9CF /* ProjectionOverView.swift */,
				96945E3626D9505A0091B9CF /* ProjectionView.swift */,
				96945E3526D9505A0091B9CF /* Projection.swift */,
			);
			path = Projection;
			sourceTree = "<group>";
		};
		96945E3826D9505A0091B9CF /* Asset List */ = {
			isa = PBXGroup;
			children = (
				96945E3926D9505A0091B9CF /* AssetsOverView.swift */,
				96945E3B26D9505A0091B9CF /* AssetList.swift */,
				96945E3A26D9505A0091B9CF /* AssetListRow.swift */,
				96945E3C26D9505A0091B9CF /* AssetListRowModel.swift */,
			);
			path = "Asset List";
			sourceTree = "<group>";
		};
		96945E4026D9505A0091B9CF /* Currency */ = {
			isa = PBXGroup;
			children = (
				96945E4326D9505A0091B9CF /* CurrencyPicker.swift */,
				96945E4226D9505A0091B9CF /* CurrencyView.swift */,
				96945E4126D9505A0091B9CF /* Currency.swift */,
			);
			path = Currency;
			sourceTree = "<group>";
		};
		96B73E9A26DBC3D900EE7AC0 /* Settings */ = {
			isa = PBXGroup;
			children = (
				9674DF572BF95DB8009F2DBE /* SettingsView.swift */,
				96B73E9726DBA63700EE7AC0 /* FeedbackView_macOS.swift */,
				96B73E9426DBA60E00EE7AC0 /* FeedbackContents.swift */,
			);
			path = Settings;
			sourceTree = "<group>";
		};
/* End PBXGroup section */

/* Begin PBXNativeTarget section */
		9633392C26D76305000F26C2 /* Trademate (iOS) */ = {
			isa = PBXNativeTarget;
			buildConfigurationList = 9633395726D76305000F26C2 /* Build configuration list for PBXNativeTarget "Trademate (iOS)" */;
			buildPhases = (
				9633392926D76305000F26C2 /* Sources */,
				9633392A26D76305000F26C2 /* Frameworks */,
				9633392B26D76305000F26C2 /* Resources */,
			);
			buildRules = (
			);
			dependencies = (
			);
			name = "Trademate (iOS)";
			packageProductDependencies = (
				96E039382826880400757E4D /* SwiftyToolz */,
				96767AC12FFD3F04000D1C85 /* FoundationToolz */,
				96767AC52FFD3F37000D1C85 /* CombineObserver */,
				96767AC72FFD3F41000D1C85 /* SwiftObserver */,
				96767ACA2FFD3F83000D1C85 /* SwiftUIToolz */,
			);
			productName = "Trademate (iOS)";
			productReference = 9633392D26D76305000F26C2 /* Portfolio.app */;
			productType = "com.apple.product-type.application";
		};
		9633393426D76305000F26C2 /* Trademate (macOS) */ = {
			isa = PBXNativeTarget;
			buildConfigurationList = 9633395A26D76305000F26C2 /* Build configuration list for PBXNativeTarget "Trademate (macOS)" */;
			buildPhases = (
				9633393126D76305000F26C2 /* Sources */,
				9633393226D76305000F26C2 /* Frameworks */,
				9633393326D76305000F26C2 /* Resources */,
			);
			buildRules = (
			);
			dependencies = (
			);
			name = "Trademate (macOS)";
			packageProductDependencies = (
				96E03934282687F000757E4D /* SwiftyToolz */,
				965B86072B89F828001C69F6 /* CombineObserver */,
				965B86092B89F828001C69F6 /* SwiftObserver */,
				96767AC32FFD3F23000D1C85 /* FoundationToolz */,
				96767ACC2FFD3F8C000D1C85 /* SwiftUIToolz */,
			);
			productName = "Trademate (macOS)";
			productReference = 9633393526D76305000F26C2 /* Portfolio.app */;
			productType = "com.apple.product-type.application";
		};
		9633393C26D76305000F26C2 /* Tests iOS */ = {
			isa = PBXNativeTarget;
			buildConfigurationList = 9633395D26D76305000F26C2 /* Build configuration list for PBXNativeTarget "Tests iOS" */;
			buildPhases = (
				9633393926D76305000F26C2 /* Sources */,
				9633393A26D76305000F26C2 /* Frameworks */,
				9633393B26D76305000F26C2 /* Resources */,
			);
			buildRules = (
			);
			dependencies = (
				9633393F26D76305000F26C2 /* PBXTargetDependency */,
			);
			name = "Tests iOS";
			productName = "Tests iOS";
			productReference = 9633393D26D76305000F26C2 /* Tests iOS.xctest */;
			productType = "com.apple.product-type.bundle.ui-testing";
		};
		9633394726D76305000F26C2 /* Tests macOS */ = {
			isa = PBXNativeTarget;
			buildConfigurationList = 9633396026D76305000F26C2 /* Build configuration list for PBXNativeTarget "Tests macOS" */;
			buildPhases = (
				9633394426D76305000F26C2 /* Sources */,
				9633394526D76305000F26C2 /* Frameworks */,
				9633394626D76305000F26C2 /* Resources */,
			);
			buildRules = (
			);
			dependencies = (
				9633394A26D76305000F26C2 /* PBXTargetDependency */,
			);
			name = "Tests macOS";
			productName = "Tests macOS";
			productReference = 9633394826D76305000F26C2 /* Tests macOS.xctest */;
			productType = "com.apple.product-type.bundle.ui-testing";
		};
/* End PBXNativeTarget section */

/* Begin PBXProject section */
		9633392126D76304000F26C2 /* Project object */ = {
			isa = PBXProject;
			attributes = {
				BuildIndependentTargetsInParallel = YES;
				LastSwiftUpdateCheck = 1250;
				LastUpgradeCheck = 1520;
				TargetAttributes = {
					9633392C26D76305000F26C2 = {
						CreatedOnToolsVersion = 12.5.1;
					};
					9633393426D76305000F26C2 = {
						CreatedOnToolsVersion = 12.5.1;
					};
					9633393C26D76305000F26C2 = {
						CreatedOnToolsVersion = 12.5.1;
						TestTargetID = 9633392C26D76305000F26C2;
					};
					9633394726D76305000F26C2 = {
						CreatedOnToolsVersion = 12.5.1;
						TestTargetID = 9633393426D76305000F26C2;
					};
				};
			};
			buildConfigurationList = 9633392426D76304000F26C2 /* Build configuration list for PBXProject "Trademate" */;
			compatibilityVersion = "Xcode 9.3";
			developmentRegion = en;
			hasScannedForEncodings = 0;
			knownRegions = (
				en,
				Base,
			);
			mainGroup = 9633392026D76304000F26C2;
			packageReferences = (
				96945DFF26D949B10091B9CF /* XCRemoteSwiftPackageReference "SwiftyToolz" */,
				965B86062B89F828001C69F6 /* XCRemoteSwiftPackageReference "SwiftObserver" */,
				96767AC02FFD3F04000D1C85 /* XCRemoteSwiftPackageReference "FoundationToolz" */,
				96767AC92FFD3F72000D1C85 /* XCRemoteSwiftPackageReference "SwiftUIToolz" */,
			);
			productRefGroup = 9633392E26D76305000F26C2 /* Products */;
			projectDirPath = "";
			projectRoot = "";
			targets = (
				9633392C26D76305000F26C2 /* Trademate (iOS) */,
				9633393426D76305000F26C2 /* Trademate (macOS) */,
				9633393C26D76305000F26C2 /* Tests iOS */,
				9633394726D76305000F26C2 /* Tests macOS */,
			);
		};
/* End PBXProject section */

/* Begin PBXResourcesBuildPhase section */
		9633392B26D76305000F26C2 /* Resources */ = {
			isa = PBXResourcesBuildPhase;
			buildActionMask = 2147483647;
			files = (
				9633395326D76305000F26C2 /* Assets.xcassets in Resources */,
			);
			runOnlyForDeploymentPostprocessing = 0;
		};
		9633393326D76305000F26C2 /* Resources */ = {
			isa = PBXResourcesBuildPhase;
			buildActionMask = 2147483647;
			files = (
				9633395426D76305000F26C2 /* Assets.xcassets in Resources */,
			);
			runOnlyForDeploymentPostprocessing = 0;
		};
		9633393B26D76305000F26C2 /* Resources */ = {
			isa = PBXResourcesBuildPhase;
			buildActionMask = 2147483647;
			files = (
			);
			runOnlyForDeploymentPostprocessing = 0;
		};
		9633394626D76305000F26C2 /* Resources */ = {
			isa = PBXResourcesBuildPhase;
			buildActionMask = 2147483647;
			files = (
			);
			runOnlyForDeploymentPostprocessing = 0;
		};
/* End PBXResourcesBuildPhase section */

/* Begin PBXSourcesBuildPhase section */
		9633392926D76305000F26C2 /* Sources */ = {
			isa = PBXSourcesBuildPhase;
			buildActionMask = 2147483647;
			files = (
				96945E6F26D9508F0091B9CF /* AssetEditingView.swift in Sources */,
				96945E6926D9507C0091B9CF /* CoreFoundationToolz.swift in Sources */,
				96945E7226D9508F0091B9CF /* AssetCreationView.swift in Sources */,
				96945E6C26D950880091B9CF /* Asset.swift in Sources */,
				96945E6D26D950880091B9CF /* AssetPersister.swift in Sources */,
				9633395126D76305000F26C2 /* ContentView_iOS.swift in Sources */,
				96945E7526D9509D0091B9CF /* Portfolio.swift in Sources */,
				96945E7A26D950AC0091B9CF /* AssetList.swift in Sources */,
				96945E7726D950A30091B9CF /* ProjectionView.swift in Sources */,
				96945E7026D9508F0091B9CF /* AssetEditingForm.swift in Sources */,
				96945E6A26D950880091B9CF /* Asset+Conformances.swift in Sources */,
				96945E7826D950A40091B9CF /* Projection.swift in Sources */,
				96945E7E26D950BA0091B9CF /* Currency.swift in Sources */,
				96B73E9526DBA60E00EE7AC0 /* FeedbackContents.swift in Sources */,
				96945E6B26D950880091B9CF /* Cash.swift in Sources */,
				96945E7326D9509D0091B9CF /* Portfolio+DisplayString.swift in Sources */,
				96945E7126D9508F0091B9CF /* AssetEditingState.swift in Sources */,
				96945E7926D950AC0091B9CF /* AssetsOverView.swift in Sources */,
				96945E7F26D950BA0091B9CF /* CurrencyView.swift in Sources */,
				96945E6726D9507C0091B9CF /* TrademateSwiftUI.swift in Sources */,
				9633394F26D76305000F26C2 /* PortfolioApp.swift in Sources */,
				96945E6826D9507C0091B9CF /* TrademateFoundation.swift in Sources */,
				96945E7C26D950AC0091B9CF /* AssetListRowModel.swift in Sources */,
				96945E7426D9509D0091B9CF /* PortfolioOverviewView.swift in Sources */,
				96945E6426D950720091B9CF /* AppSettings.swift in Sources */,
				9674DF582BF95DB8009F2DBE /* SettingsView.swift in Sources */,
				96945E7D26D950BA0091B9CF /* CurrencyPicker.swift in Sources */,
				96945E6226D950720091B9CF /* AlertsView.swift in Sources */,
				96945E6526D950720091B9CF /* Calculator.swift in Sources */,
				96945E7B26D950AC0091B9CF /* AssetListRow.swift in Sources */,
				96945E7626D950A30091B9CF /* ProjectionOverView.swift in Sources */,
				96945E6E26D950880091B9CF /* Asset.Properties+Profit.swift in Sources */,
			);
			runOnlyForDeploymentPostprocessing = 0;
		};
		9633393126D76305000F26C2 /* Sources */ = {
			isa = PBXSourcesBuildPhase;
			buildActionMask = 2147483647;
			files = (
				965433C826D981AE0050CDF5 /* Asset.Properties+Profit.swift in Sources */,
				96709FA32749257600D246CE /* AlertsView.swift in Sources */,
				965433BF26D97D6C0050CDF5 /* Currency.swift in Sources */,
				965433CC26D983F40050CDF5 /* AppSettings.swift in Sources */,
				9663816926DD0E44009413F1 /* AssetEditingState.swift in Sources */,
				965433C626D981150050CDF5 /* Cash.swift in Sources */,
				96945DFE26D93BC80091B9CF /* ContentView_macOS.swift in Sources */,
				965433C726D981890050CDF5 /* Calculator.swift in Sources */,
				9633395026D76305000F26C2 /* PortfolioApp.swift in Sources */,
				965433C026D97DAD0050CDF5 /* CurrencyView.swift in Sources */,
				965433C226D980500050CDF5 /* CoreFoundationToolz.swift in Sources */,
				96B73E9626DBA60E00EE7AC0 /* FeedbackContents.swift in Sources */,
				965433CA26D982CD0050CDF5 /* AssetPersister.swift in Sources */,
				96709FA22749255600D246CE /* Portfolio.swift in Sources */,
				96B73E9926DBA63700EE7AC0 /* FeedbackView_macOS.swift in Sources */,
				965433C926D981C10050CDF5 /* Asset+Conformances.swift in Sources */,
				965433C326D980DC0050CDF5 /* TrademateFoundation.swift in Sources */,
				965433C526D9810C0050CDF5 /* Asset.swift in Sources */,
				96709FA4274929A600D246CE /* Portfolio+DisplayString.swift in Sources */,
				965433D026D98B0E0050CDF5 /* TrademateSwiftUI.swift in Sources */,
				965433C126D97DF10050CDF5 /* CurrencyPicker.swift in Sources */,
			);
			runOnlyForDeploymentPostprocessing = 0;
		};
		9633393926D76305000F26C2 /* Sources */ = {
			isa = PBXSourcesBuildPhase;
			buildActionMask = 2147483647;
			files = (
				9633394226D76305000F26C2 /* Tests_iOS.swift in Sources */,
			);
			runOnlyForDeploymentPostprocessing = 0;
		};
		9633394426D76305000F26C2 /* Sources */ = {
			isa = PBXSourcesBuildPhase;
			buildActionMask = 2147483647;
			files = (
				9633394D26D76305000F26C2 /* Tests_macOS.swift in Sources */,
			);
			runOnlyForDeploymentPostprocessing = 0;
		};
/* End PBXSourcesBuildPhase section */

/* Begin PBXTargetDependency section */
		9633393F26D76305000F26C2 /* PBXTargetDependency */ = {
			isa = PBXTargetDependency;
			target = 9633392C26D76305000F26C2 /* Trademate (iOS) */;
			targetProxy = 9633393E26D76305000F26C2 /* PBXContainerItemProxy */;
		};
		9633394A26D76305000F26C2 /* PBXTargetDependency */ = {
			isa = PBXTargetDependency;
			target = 9633393426D76305000F26C2 /* Trademate (macOS) */;
			targetProxy = 9633394926D76305000F26C2 /* PBXContainerItemProxy */;
		};
/* End PBXTargetDependency section */

/* Begin XCBuildConfiguration section */
		9633395526D76305000F26C2 /* Debug */ = {
			isa = XCBuildConfiguration;
			buildSettings = {
				ALWAYS_SEARCH_USER_PATHS = NO;
				ASSETCATALOG_COMPILER_GENERATE_SWIFT_ASSET_SYMBOL_EXTENSIONS = YES;
				CLANG_ANALYZER_NONNULL = YES;
				CLANG_ANALYZER_NUMBER_OBJECT_CONVERSION = YES_AGGRESSIVE;
				CLANG_CXX_LANGUAGE_STANDARD = "gnu++14";
				CLANG_CXX_LIBRARY = "libc++";
				CLANG_ENABLE_MODULES = YES;
				CLANG_ENABLE_OBJC_ARC = YES;
				CLANG_ENABLE_OBJC_WEAK = YES;
				CLANG_WARN_BLOCK_CAPTURE_AUTORELEASING = YES;
				CLANG_WARN_BOOL_CONVERSION = YES;
				CLANG_WARN_COMMA = YES;
				CLANG_WARN_CONSTANT_CONVERSION = YES;
				CLANG_WARN_DEPRECATED_OBJC_IMPLEMENTATIONS = YES;
				CLANG_WARN_DIRECT_OBJC_ISA_USAGE = YES_ERROR;
				CLANG_WARN_DOCUMENTATION_COMMENTS = YES;
				CLANG_WARN_EMPTY_BODY = YES;
				CLANG_WARN_ENUM_CONVERSION = YES;
				CLANG_WARN_INFINITE_RECURSION = YES;
				CLANG_WARN_INT_CONVERSION = YES;
				CLANG_WARN_NON_LITERAL_NULL_CONVERSION = YES;
				CLANG_WARN_OBJC_IMPLICIT_RETAIN_SELF = YES;
				CLANG_WARN_OBJC_LITERAL_CONVERSION = YES;
				CLANG_WARN_OBJC_ROOT_CLASS = YES_ERROR;
				CLANG_WARN_QUOTED_INCLUDE_IN_FRAMEWORK_HEADER = YES;
				CLANG_WARN_RANGE_LOOP_ANALYSIS = YES;
				CLANG_WARN_STRICT_PROTOTYPES = YES;
				CLANG_WARN_SUSPICIOUS_MOVE = YES;
				CLANG_WARN_UNGUARDED_AVAILABILITY = YES_AGGRESSIVE;
				CLANG_WARN_UNREACHABLE_CODE = YES;
				CLANG_WARN__DUPLICATE_METHOD_MATCH = YES;
				COPY_PHASE_STRIP = NO;
				DEAD_CODE_STRIPPING = YES;
				DEBUG_INFORMATION_FORMAT = dwarf;
				ENABLE_STRICT_OBJC_MSGSEND = YES;
				ENABLE_TESTABILITY = YES;
				ENABLE_USER_SCRIPT_SANDBOXING = YES;
				GCC_C_LANGUAGE_STANDARD = gnu11;
				GCC_DYNAMIC_NO_PIC = NO;
				GCC_NO_COMMON_BLOCKS = YES;
				GCC_OPTIMIZATION_LEVEL = 0;
				GCC_PREPROCESSOR_DEFINITIONS = (
					"DEBUG=1",
					"$(inherited)",
				);
				GCC_WARN_64_TO_32_BIT_CONVERSION = YES;
				GCC_WARN_ABOUT_RETURN_TYPE = YES_ERROR;
				GCC_WARN_UNDECLARED_SELECTOR = YES;
				GCC_WARN_UNINITIALIZED_AUTOS = YES_AGGRESSIVE;
				GCC_WARN_UNUSED_FUNCTION = YES;
				GCC_WARN_UNUSED_VARIABLE = YES;
				IPHONEOS_DEPLOYMENT_TARGET = 17.0;
				MACOSX_DEPLOYMENT_TARGET = 14.0;
				MTL_ENABLE_DEBUG_INFO = INCLUDE_SOURCE;
				MTL_FAST_MATH = YES;
				ONLY_ACTIVE_ARCH = YES;
				PRODUCT_NAME = Portfolio;
				SWIFT_ACTIVE_COMPILATION_CONDITIONS = DEBUG;
				SWIFT_OPTIMIZATION_LEVEL = "-Onone";
			};
			name = Debug;
		};
		9633395626D76305000F26C2 /* Release */ = {
			isa = XCBuildConfiguration;
			buildSettings = {
				ALWAYS_SEARCH_USER_PATHS = NO;
				ASSETCATALOG_COMPILER_GENERATE_SWIFT_ASSET_SYMBOL_EXTENSIONS = YES;
				CLANG_ANALYZER_NONNULL = YES;
				CLANG_ANALYZER_NUMBER_OBJECT_CONVERSION = YES_AGGRESSIVE;
				CLANG_CXX_LANGUAGE_STANDARD = "gnu++14";
				CLANG_CXX_LIBRARY = "libc++";
				CLANG_ENABLE_MODULES = YES;
				CLANG_ENABLE_OBJC_ARC = YES;
				CLANG_ENABLE_OBJC_WEAK = YES;
				CLANG_WARN_BLOCK_CAPTURE_AUTORELEASING = YES;
				CLANG_WARN_BOOL_CONVERSION = YES;
				CLANG_WARN_COMMA = YES;
				CLANG_WARN_CONSTANT_CONVERSION = YES;
				CLANG_WARN_DEPRECATED_OBJC_IMPLEMENTATIONS = YES;
				CLANG_WARN_DIRECT_OBJC_ISA_USAGE = YES_ERROR;
				CLANG_WARN_DOCUMENTATION_COMMENTS = YES;
				CLANG_WARN_EMPTY_BODY = YES;
				CLANG_WARN_ENUM_CONVERSION = YES;
				CLANG_WARN_INFINITE_RECURSION = YES;
				CLANG_WARN_INT_CONVERSION = YES;
				CLANG_WARN_NON_LITERAL_NULL_CONVERSION = YES;
				CLANG_WARN_OBJC_IMPLICIT_RETAIN_SELF = YES;
				CLANG_WARN_OBJC_LITERAL_CONVERSION = YES;
				CLANG_WARN_OBJC_ROOT_CLASS = YES_ERROR;
				CLANG_WARN_QUOTED_INCLUDE_IN_FRAMEWORK_HEADER = YES;
				CLANG_WARN_RANGE_LOOP_ANALYSIS = YES;
				CLANG_WARN_STRICT_PROTOTYPES = YES;
				CLANG_WARN_SUSPICIOUS_MOVE = YES;
				CLANG_WARN_UNGUARDED_AVAILABILITY = YES_AGGRESSIVE;
				CLANG_WARN_UNREACHABLE_CODE = YES;
				CLANG_WARN__DUPLICATE_METHOD_MATCH = YES;
				COPY_PHASE_STRIP = NO;
				DEAD_CODE_STRIPPING = YES;
				DEBUG_INFORMATION_FORMAT = "dwarf-with-dsym";
				ENABLE_NS_ASSERTIONS = NO;
				ENABLE_STRICT_OBJC_MSGSEND = YES;
				ENABLE_USER_SCRIPT_SANDBOXING = YES;
				GCC_C_LANGUAGE_STANDARD = gnu11;
				GCC_NO_COMMON_BLOCKS = YES;
				GCC_WARN_64_TO_32_BIT_CONVERSION = YES;
				GCC_WARN_ABOUT_RETURN_TYPE = YES_ERROR;
				GCC_WARN_UNDECLARED_SELECTOR = YES;
				GCC_WARN_UNINITIALIZED_AUTOS = YES_AGGRESSIVE;
				GCC_WARN_UNUSED_FUNCTION = YES;
				GCC_WARN_UNUSED_VARIABLE = YES;
				IPHONEOS_DEPLOYMENT_TARGET = 17.0;
				MACOSX_DEPLOYMENT_TARGET = 14.0;
				MTL_ENABLE_DEBUG_INFO = NO;
				MTL_FAST_MATH = YES;
				PRODUCT_NAME = Portfolio;
				SWIFT_COMPILATION_MODE = wholemodule;
				SWIFT_OPTIMIZATION_LEVEL = "-O";
			};
			name = Release;
		};
		9633395826D76305000F26C2 /* Debug */ = {
			isa = XCBuildConfiguration;
			buildSettings = {
				ASSETCATALOG_COMPILER_APPICON_NAME = AppIcon;
				ASSETCATALOG_COMPILER_GLOBAL_ACCENT_COLOR_NAME = AccentColor;
				CODE_SIGN_IDENTITY = "iPhone Developer";
				CODE_SIGN_STYLE = Manual;
				CURRENT_PROJECT_VERSION = 6;
				DEVELOPMENT_TEAM = 8T3R57GCBV;
				"DEVELOPMENT_TEAM[sdk=iphoneos*]" = 8T3R57GCBV;
				ENABLE_PREVIEWS = YES;
				INFOPLIST_FILE = iOS/Info.plist;
				INFOPLIST_KEY_LSApplicationCategoryType = "public.app-category.finance";
				LD_RUNPATH_SEARCH_PATHS = (
					"$(inherited)",
					"@executable_path/Frameworks",
				);
				MARKETING_VERSION = 1.0.2;
				PRODUCT_BUNDLE_IDENTIFIER = io.codeface.investments;
				PRODUCT_NAME = "$(inherited)";
				PROVISIONING_PROFILE_SPECIFIER = "Trademate iOS Dev Profile";
				"PROVISIONING_PROFILE_SPECIFIER[sdk=iphoneos*]" = "Investments App iOS Development Profile";
				SDKROOT = iphoneos;
				SUPPORTED_PLATFORMS = "iphoneos iphonesimulator";
				SUPPORTS_MACCATALYST = NO;
				SUPPORTS_XR_DESIGNED_FOR_IPHONE_IPAD = NO;
				SWIFT_VERSION = 5.0;
				TARGETED_DEVICE_FAMILY = 1;
			};
			name = Debug;
		};
		9633395926D76305000F26C2 /* Release */ = {
			isa = XCBuildConfiguration;
			buildSettings = {
				ASSETCATALOG_COMPILER_APPICON_NAME = AppIcon;
				ASSETCATALOG_COMPILER_GLOBAL_ACCENT_COLOR_NAME = AccentColor;
				"CODE_SIGN_IDENTITY[sdk=iphoneos*]" = "iPhone Distribution";
				CODE_SIGN_STYLE = Manual;
				CURRENT_PROJECT_VERSION = 6;
				DEVELOPMENT_TEAM = "";
				"DEVELOPMENT_TEAM[sdk=iphoneos*]" = 8T3R57GCBV;
				ENABLE_PREVIEWS = YES;
				INFOPLIST_FILE = iOS/Info.plist;
				INFOPLIST_KEY_LSApplicationCategoryType = "public.app-category.finance";
				LD_RUNPATH_SEARCH_PATHS = (
					"$(inherited)",
					"@executable_path/Frameworks",
				);
				MARKETING_VERSION = 1.0.2;
				PRODUCT_BUNDLE_IDENTIFIER = io.codeface.investments;
				PRODUCT_NAME = "$(inherited)";
				PROVISIONING_PROFILE_SPECIFIER = "";
				"PROVISIONING_PROFILE_SPECIFIER[sdk=iphoneos*]" = "Investments App iOS Distribution Profile";
				SDKROOT = iphoneos;
				SUPPORTED_PLATFORMS = "iphoneos iphonesimulator";
				SUPPORTS_MACCATALYST = NO;
				SUPPORTS_XR_DESIGNED_FOR_IPHONE_IPAD = NO;
				SWIFT_VERSION = 5.0;
				TARGETED_DEVICE_FAMILY = 1;
				VALIDATE_PRODUCT = YES;
			};
			name = Release;
		};
		9633395B26D76305000F26C2 /* Debug */ = {
			isa = XCBuildConfiguration;
			buildSettings = {
				ASSETCATALOG_COMPILER_APPICON_NAME = AppIcon;
				ASSETCATALOG_COMPILER_GLOBAL_ACCENT_COLOR_NAME = AccentColor;
				CODE_SIGN_ENTITLEMENTS = macOS/macOS.entitlements;
				"CODE_SIGN_IDENTITY[sdk=macosx*]" = "-";
				CODE_SIGN_STYLE = Manual;
				COMBINE_HIDPI_IMAGES = YES;
				CURRENT_PROJECT_VERSION = 2;
				DEAD_CODE_STRIPPING = YES;
				DEVELOPMENT_TEAM = "";
				"DEVELOPMENT_TEAM[sdk=macosx*]" = "";
				ENABLE_HARDENED_RUNTIME = YES;
				ENABLE_PREVIEWS = YES;
				INFOPLIST_FILE = macOS/Info.plist;
				INFOPLIST_KEY_LSApplicationCategoryType = "public.app-category.finance";
				LD_RUNPATH_SEARCH_PATHS = (
					"$(inherited)",
					"@executable_path/../Frameworks",
				);
				MARKETING_VERSION = 1.0;
				PRODUCT_BUNDLE_IDENTIFIER = io.codeface.investments;
				PRODUCT_NAME = "$(inherited)";
				PROVISIONING_PROFILE_SPECIFIER = "";
				"PROVISIONING_PROFILE_SPECIFIER[sdk=macosx*]" = "";
				SDKROOT = macosx;
				SWIFT_VERSION = 5.0;
			};
			name = Debug;
		};
		9633395C26D76305000F26C2 /* Release */ = {
			isa = XCBuildConfiguration;
			buildSettings = {
				ASSETCATALOG_COMPILER_APPICON_NAME = AppIcon;
				ASSETCATALOG_COMPILER_GLOBAL_ACCENT_COLOR_NAME = AccentColor;
				CODE_SIGN_ENTITLEMENTS = macOS/macOS.entitlements;
				CODE_SIGN_STYLE = Manual;
				COMBINE_HIDPI_IMAGES = YES;
				CURRENT_PROJECT_VERSION = 2;
				DEAD_CODE_STRIPPING = YES;
				DEVELOPMENT_TEAM = "";
				ENABLE_HARDENED_RUNTIME = YES;
				ENABLE_PREVIEWS = YES;
				INFOPLIST_FILE = macOS/Info.plist;
				INFOPLIST_KEY_LSApplicationCategoryType = "public.app-category.finance";
				LD_RUNPATH_SEARCH_PATHS = (
					"$(inherited)",
					"@executable_path/../Frameworks",
				);
				MARKETING_VERSION = 1.0;
				PRODUCT_BUNDLE_IDENTIFIER = io.codeface.investments;
				PRODUCT_NAME = "$(inherited)";
				PROVISIONING_PROFILE_SPECIFIER = "";
				SDKROOT = macosx;
				SWIFT_VERSION = 5.0;
			};
			name = Release;
		};
		9633395E26D76305000F26C2 /* Debug */ = {
			isa = XCBuildConfiguration;
			buildSettings = {
				ALWAYS_EMBED_SWIFT_STANDARD_LIBRARIES = YES;
				CODE_SIGN_STYLE = Manual;
				DEVELOPMENT_TEAM = "";
				INFOPLIST_FILE = "Tests iOS/Info.plist";
				IPHONEOS_DEPLOYMENT_TARGET = 14.5;
				LD_RUNPATH_SEARCH_PATHS = (
					"$(inherited)",
					"@executable_path/Frameworks",
					"@loader_path/Frameworks",
				);
				PRODUCT_BUNDLE_IDENTIFIER = "com.flowtoolz.Tests-iOS";
				PRODUCT_NAME = "$(TARGET_NAME)";
				PROVISIONING_PROFILE_SPECIFIER = "";
				"PROVISIONING_PROFILE_SPECIFIER[sdk=macosx*]" = "";
				SDKROOT = iphoneos;
				SWIFT_VERSION = 5.0;
				TARGETED_DEVICE_FAMILY = "1,2";
				TEST_TARGET_NAME = "Trademate (iOS)";
			};
			name = Debug;
		};
		9633395F26D76305000F26C2 /* Release */ = {
			isa = XCBuildConfiguration;
			buildSettings = {
				ALWAYS_EMBED_SWIFT_STANDARD_LIBRARIES = YES;
				CODE_SIGN_STYLE = Manual;
				DEVELOPMENT_TEAM = "";
				INFOPLIST_FILE = "Tests iOS/Info.plist";
				IPHONEOS_DEPLOYMENT_TARGET = 14.5;
				LD_RUNPATH_SEARCH_PATHS = (
					"$(inherited)",
					"@executable_path/Frameworks",
					"@loader_path/Frameworks",
				);
				PRODUCT_BUNDLE_IDENTIFIER = "com.flowtoolz.Tests-iOS";
				PRODUCT_NAME = "$(TARGET_NAME)";
				PROVISIONING_PROFILE_SPECIFIER = "";
				"PROVISIONING_PROFILE_SPECIFIER[sdk=macosx*]" = "";
				SDKROOT = iphoneos;
				SWIFT_VERSION = 5.0;
				TARGETED_DEVICE_FAMILY = "1,2";
				TEST_TARGET_NAME = "Trademate (iOS)";
				VALIDATE_PRODUCT = YES;
			};
			name = Release;
		};
		9633396126D76305000F26C2 /* Debug */ = {
			isa = XCBuildConfiguration;
			buildSettings = {
				ALWAYS_EMBED_SWIFT_STANDARD_LIBRARIES = YES;
				CODE_SIGN_STYLE = Manual;
				COMBINE_HIDPI_IMAGES = YES;
				DEAD_CODE_STRIPPING = YES;
				DEVELOPMENT_TEAM = "";
				INFOPLIST_FILE = "Tests macOS/Info.plist";
				LD_RUNPATH_SEARCH_PATHS = (
					"$(inherited)",
					"@executable_path/../Frameworks",
					"@loader_path/../Frameworks",
				);
				MACOSX_DEPLOYMENT_TARGET = 11.0;
				PRODUCT_BUNDLE_IDENTIFIER = "com.flowtoolz.Tests-macOS";
				PRODUCT_NAME = "$(TARGET_NAME)";
				PROVISIONING_PROFILE_SPECIFIER = "";
				SDKROOT = macosx;
				SWIFT_VERSION = 5.0;
				TEST_TARGET_NAME = "Trademate (macOS)";
			};
			name = Debug;
		};
		9633396226D76305000F26C2 /* Release */ = {
			isa = XCBuildConfiguration;
			buildSettings = {
				ALWAYS_EMBED_SWIFT_STANDARD_LIBRARIES = YES;
				CODE_SIGN_STYLE = Manual;
				COMBINE_HIDPI_IMAGES = YES;
				DEAD_CODE_STRIPPING = YES;
				DEVELOPMENT_TEAM = "";
				INFOPLIST_FILE = "Tests macOS/Info.plist";
				LD_RUNPATH_SEARCH_PATHS = (
					"$(inherited)",
					"@executable_path/../Frameworks",
					"@loader_path/../Frameworks",
				);
				MACOSX_DEPLOYMENT_TARGET = 11.0;
				PRODUCT_BUNDLE_IDENTIFIER = "com.flowtoolz.Tests-macOS";
				PRODUCT_NAME = "$(TARGET_NAME)";
				PROVISIONING_PROFILE_SPECIFIER = "";
				SDKROOT = macosx;
				SWIFT_VERSION = 5.0;
				TEST_TARGET_NAME = "Trademate (macOS)";
			};
			name = Release;
		};
/* End XCBuildConfiguration section */

/* Begin XCConfigurationList section */
		9633392426D76304000F26C2 /* Build configuration list for PBXProject "Trademate" */ = {
			isa = XCConfigurationList;
			buildConfigurations = (
				9633395526D76305000F26C2 /* Debug */,
				9633395626D76305000F26C2 /* Release */,
			);
			defaultConfigurationIsVisible = 0;
			defaultConfigurationName = Release;
		};
		9633395726D76305000F26C2 /* Build configuration list for PBXNativeTarget "Trademate (iOS)" */ = {
			isa = XCConfigurationList;
			buildConfigurations = (
				9633395826D76305000F26C2 /* Debug */,
				9633395926D76305000F26C2 /* Release */,
			);
			defaultConfigurationIsVisible = 0;
			defaultConfigurationName = Release;
		};
		9633395A26D76305000F26C2 /* Build configuration list for PBXNativeTarget "Trademate (macOS)" */ = {
			isa = XCConfigurationList;
			buildConfigurations = (
				9633395B26D76305000F26C2 /* Debug */,
				9633395C26D76305000F26C2 /* Release */,
			);
			defaultConfigurationIsVisible = 0;
			defaultConfigurationName = Release;
		};
		9633395D26D76305000F26C2 /* Build configuration list for PBXNativeTarget "Tests iOS" */ = {
			isa = XCConfigurationList;
			buildConfigurations = (
				9633395E26D76305000F26C2 /* Debug */,
				9633395F26D76305000F26C2 /* Release */,
			);
			defaultConfigurationIsVisible = 0;
			defaultConfigurationName = Release;
		};
		9633396026D76305000F26C2 /* Build configuration list for PBXNativeTarget "Tests macOS" */ = {
			isa = XCConfigurationList;
			buildConfigurations = (
				9633396126D76305000F26C2 /* Debug */,
				9633396226D76305000F26C2 /* Release */,
			);
			defaultConfigurationIsVisible = 0;
			defaultConfigurationName = Release;
		};
/* End XCConfigurationList section */

/* Begin XCRemoteSwiftPackageReference section */
		965B86062B89F828001C69F6 /* XCRemoteSwiftPackageReference "SwiftObserver" */ = {
			isa = XCRemoteSwiftPackageReference;
			repositoryURL = "https://github.com/nohype-ai/SwiftObserver";
			requirement = {
				kind = exactVersion;
				version = 8.0.2;
			};
		};
		96767AC02FFD3F04000D1C85 /* XCRemoteSwiftPackageReference "FoundationToolz" */ = {
			isa = XCRemoteSwiftPackageReference;
			repositoryURL = "https://github.com/nohype-ai/FoundationToolz";
			requirement = {
				kind = exactVersion;
				version = 0.5.9;
			};
		};
		96767AC92FFD3F72000D1C85 /* XCRemoteSwiftPackageReference "SwiftUIToolz" */ = {
			isa = XCRemoteSwiftPackageReference;
			repositoryURL = "https://github.com/nohype-ai/SwiftUIToolz";
			requirement = {
				kind = exactVersion;
				version = 0.3.3;
			};
		};
		96945DFF26D949B10091B9CF /* XCRemoteSwiftPackageReference "SwiftyToolz" */ = {
			isa = XCRemoteSwiftPackageReference;
			repositoryURL = "https://github.com/nohype-ai/SwiftyToolz";
			requirement = {
				kind = exactVersion;
				version = 0.5.7;
			};
		};
/* End XCRemoteSwiftPackageReference section */

/* Begin XCSwiftPackageProductDependency section */
		965B86072B89F828001C69F6 /* CombineObserver */ = {
			isa = XCSwiftPackageProductDependency;
			package = 965B86062B89F828001C69F6 /* XCRemoteSwiftPackageReference "SwiftObserver" */;
			productName = CombineObserver;
		};
		965B86092B89F828001C69F6 /* SwiftObserver */ = {
			isa = XCSwiftPackageProductDependency;
			package = 965B86062B89F828001C69F6 /* XCRemoteSwiftPackageReference "SwiftObserver" */;
			productName = SwiftObserver;
		};
		96767AC12FFD3F04000D1C85 /* FoundationToolz */ = {
			isa = XCSwiftPackageProductDependency;
			package = 96767AC02FFD3F04000D1C85 /* XCRemoteSwiftPackageReference "FoundationToolz" */;
			productName = FoundationToolz;
		};
		96767AC32FFD3F23000D1C85 /* FoundationToolz */ = {
			isa = XCSwiftPackageProductDependency;
			package = 96767AC02FFD3F04000D1C85 /* XCRemoteSwiftPackageReference "FoundationToolz" */;
			productName = FoundationToolz;
		};
		96767AC52FFD3F37000D1C85 /* CombineObserver */ = {
			isa = XCSwiftPackageProductDependency;
			package = 965B86062B89F828001C69F6 /* XCRemoteSwiftPackageReference "SwiftObserver" */;
			productName = CombineObserver;
		};
		96767AC72FFD3F41000D1C85 /* SwiftObserver */ = {
			isa = XCSwiftPackageProductDependency;
			package = 965B86062B89F828001C69F6 /* XCRemoteSwiftPackageReference "SwiftObserver" */;
			productName = SwiftObserver;
		};
		96767ACA2FFD3F83000D1C85 /* SwiftUIToolz */ = {
			isa = XCSwiftPackageProductDependency;
			package = 96767AC92FFD3F72000D1C85 /* XCRemoteSwiftPackageReference "SwiftUIToolz" */;
			productName = SwiftUIToolz;
		};
		96767ACC2FFD3F8C000D1C85 /* SwiftUIToolz */ = {
			isa = XCSwiftPackageProductDependency;
			package = 96767AC92FFD3F72000D1C85 /* XCRemoteSwiftPackageReference "SwiftUIToolz" */;
			productName = SwiftUIToolz;
		};
		96E03934282687F000757E4D /* SwiftyToolz */ = {
			isa = XCSwiftPackageProductDependency;
			package = 96945DFF26D949B10091B9CF /* XCRemoteSwiftPackageReference "SwiftyToolz" */;
			productName = SwiftyToolz;
		};
		96E039382826880400757E4D /* SwiftyToolz */ = {
			isa = XCSwiftPackageProductDependency;
			package = 96945DFF26D949B10091B9CF /* XCRemoteSwiftPackageReference "SwiftyToolz" */;
			productName = SwiftyToolz;
		};
/* End XCSwiftPackageProductDependency section */
	};
	rootObject = 9633392126D76304000F26C2 /* Project object */;
}
